
Microsoft Visual Studio Solution File, Format Version 12.00
# Visual Studio Version 16
VisualStudioVersion = 16.0.33801.447
MinimumVisualStudioVersion = 10.0.40219.1
Project("{FAE04EC0-301F-11D3-BF4B-00C04F79EFBC}") = "sql_server_database_connection", "sql_server_database_connection.csproj", "{7127F390-88E3-492F-AE51-20EDD7899F1C}"
EndProject
Global
	GlobalSection(SolutionConfigurationPlatforms) = preSolution
		Debug|Any CPU = Debug|Any CPU
		Release|Any CPU = Release|Any CPU
	EndGlobalSection
	GlobalSection(ProjectConfigurationPlatforms) = postSolution
		{7127F390-88E3-492F-AE51-20EDD7899F1C}.Debug|Any CPU.ActiveCfg = Debug|Any CPU
		{7127F390-88E3-492F-AE51-20EDD7899F1C}.Debug|Any CPU.Build.0 = Debug|Any CPU
		{7127F390-88E3-492F-AE51-20EDD7899F1C}.Release|Any CPU.ActiveCfg = Release|Any CPU
		{7127F390-88E3-492F-AE51-20EDD7899F1C}.Release|Any CPU.Build.0 = Release|Any CPU
	EndGlobalSection
	GlobalSection(SolutionProperties) = preSolution
		HideSolutionNode = FALSE
	EndGlobalSection
	GlobalSection(ExtensibilityGlobals) = postSolution
		SolutionGuid = {47FD72CD-146E-4738-B620-EE85EECF42AB}
	EndGlobalSection
EndGlobal
